
Microsoft Visual Studio Solution File, Format Version 12.00
# Visual Studio 15
VisualStudioVersion = 15.0.28010.2041
MinimumVisualStudioVersion = 10.0.40219.1
Project("{FAE04EC0-301F-11D3-BF4B-00C04F79EFBC}") = "CoffeeMachineTDDKata", "CoffeeMachineTDDKata\CoffeeMachineTDDKata.csproj", "{41A805EF-A8E0-4513-869D-5D230C989124}"
EndProject
Project("{FAE04EC0-301F-11D3-BF4B-00C04F79EFBC}") = "CoffeeMachineTDDKata.Tests.Unit", "CoffeeMachineTDDKata.Tests.Unit\CoffeeMachineTDDKata.Tests.Unit.csproj", "{5DD0E5AD-6698-449F-8B74-928A84EBCF08}"
EndProject
Global
	GlobalSection(SolutionConfigurationPlatforms) = preSolution
		Debug|Any CPU = Debug|Any CPU
		Release|Any CPU = Release|Any CPU
	EndGlobalSection
	GlobalSection(ProjectConfigurationPlatforms) = postSolution
		{41A805EF-A8E0-4513-869D-5D230C989124}.Debug|Any CPU.ActiveCfg = Debug|Any CPU
		{41A805EF-A8E0-4513-869D-5D230C989124}.Debug|Any CPU.Build.0 = Debug|Any CPU
		{41A805EF-A8E0-4513-869D-5D230C989124}.Release|Any CPU.ActiveCfg = Release|Any CPU
		{41A805EF-A8E0-4513-869D-5D230C989124}.Release|Any CPU.Build.0 = Release|Any CPU
		{5DD0E5AD-6698-449F-8B74-928A84EBCF08}.Debug|Any CPU.ActiveCfg = Debug|Any CPU
		{5DD0E5AD-6698-449F-8B74-928A84EBCF08}.Debug|Any CPU.Build.0 = Debug|Any CPU
		{5DD0E5AD-6698-449F-8B74-928A84EBCF08}.Release|Any CPU.ActiveCfg = Release|Any CPU
		{5DD0E5AD-6698-449F-8B74-928A84EBCF08}.Release|Any CPU.Build.0 = Release|Any CPU
	EndGlobalSection
	GlobalSection(SolutionProperties) = preSolution
		HideSolutionNode = FALSE
	EndGlobalSection
	GlobalSection(ExtensibilityGlobals) = postSolution
		SolutionGuid = {849A37FA-8DCD-4A0D-9D21-7D9BCFC21087}
	EndGlobalSection
EndGlobal
